// !$*UTF8*$!
{
	archiveVersion = 1;
	classes = {
	};
	objectVersion = 46;
	objects = {

/* Begin PBXBuildFile section */
		22C4DE221AC476F600431A17 /* main.m in Sources */ = {isa = PBXBuildFile; fileRef = 22C4DE211AC476F600431A17 /* main.m */; };
/* End PBXBuildFile section */

/* Begin PBXContainerItemProxy section */
		22C4DDF21ABF1E4200431A17 /* PBXContainerItemProxy */ = {
			isa = PBXContainerItemProxy;
			containerPortal = 22C4DDEE1ABF1E4200431A17 /* sub-test.xcodeproj */;
			proxyType = 2;
			remoteGlobalIDString = 22C4DDE71ABF1E3300431A17;
			remoteInfo = "sub-test";
		};
/* End PBXContainerItemProxy section */

/* Begin PBXCopyFilesBuildPhase section */
		22C4DE1D1AC476F600431A17 /* CopyFiles */ = {
			isa = PBXCopyFilesBuildPhase;
			buildActionMask = 2147483647;
			dstPath = /usr/share/man/man1/;
			dstSubfolderSpec = 0;
			files = (
			);
			runOnlyForDeploymentPostprocessing = 1;
		};
/* End PBXCopyFilesBuildPhase section */

/* Begin PBXFileReference section */
		22C4DDEE1ABF1E4200431A17 /* sub-test.xcodeproj */ = {isa = PBXFileReference; lastKnownFileType = "wrapper.pb-project"; name = "sub-test.xcodeproj"; path = "sub-test/sub-test.xcodeproj"; sourceTree = "<group>"; };
		22C4DE1F1AC476F600431A17 /* xcparse-test */ = {isa = PBXFileReference; explicitFileType = "compiled.mach-o.executable"; includeInIndex = 0; path = "xcparse-test"; sourceTree = BUILT_PRODUCTS_DIR; };
		22C4DE211AC476F600431A17 /* main.m */ = {isa = PBXFileReference; lastKnownFileType = sourcecode.c.objc; path = main.m; sourceTree = "<group>"; };
/* End PBXFileReference section */

/* Begin PBXFrameworksBuildPhase section */
		22C4DE1C1AC476F600431A17 /* Frameworks */ = {
			isa = PBXFrameworksBuildPhase;
			buildActionMask = 2147483647;
			files = (
			);
			runOnlyForDeploymentPostprocessing = 0;
		};
/* End PBXFrameworksBuildPhase section */

/* Begin PBXGroup section */
		22C4DDEF1ABF1E4200431A17 /* Products */ = {
			isa = PBXGroup;
			children = (
				22C4DDF31ABF1E4200431A17 /* libsub-test.dylib */,
			);
			name = Products;
			sourceTree = "<group>";
		};
		22C4DE201AC476F600431A17 /* xcparse-test */ = {
			isa = PBXGroup;
			children = (
				22C4DE211AC476F600431A17 /* main.m */,
			);
			path = "xcparse-test";
			sourceTree = "<group>";
		};
		22E39EE71ABB57F900D892D6 = {
			isa = PBXGroup;
			children = (
				22C4DDEE1ABF1E4200431A17 /* sub-test.xcodeproj */,
				22C4DE201AC476F600431A17 /* xcparse-test */,
				22E39EF11ABB57F900D892D6 /* Products */,
			);
			sourceTree = "<group>";
		};
		22E39EF11ABB57F900D892D6 /* Products */ = {
			isa = PBXGroup;
			children = (
				22C4DE1F1AC476F600431A17 /* xcparse-test */,
			);
			name = Products;
			sourceTree = "<group>";
		};
/* End PBXGroup section */

/* Begin PBXNativeTarget section */
		22C4DE1E1AC476F600431A17 /* xcparse-test */ = {
			isa = PBXNativeTarget;
			buildConfigurationList = 22C4DE231AC476F600431A17 /* Build configuration list for PBXNativeTarget "xcparse-test" */;
			buildPhases = (
				22C4DE1B1AC476F600431A17 /* Sources */,
				22C4DE1C1AC476F600431A17 /* Frameworks */,
				22C4DE1D1AC476F600431A17 /* CopyFiles */,
			);
			buildRules = (
			);
			dependencies = (
			);
			name = "xcparse-test";
			productName = "xcparse-test";
			productReference = 22C4DE1F1AC476F600431A17 /* xcparse-test */;
			productType = "com.apple.product-type.tool";
		};
/* End PBXNativeTarget section */

/* Begin PBXProject section */
		22E39EE81ABB57F900D892D6 /* Project object */ = {
			isa = PBXProject;
			attributes = {
				LastUpgradeCheck = 0620;
				ORGANIZATIONNAME = "Sam Marshall";
				TargetAttributes = {
					22C4DE1E1AC476F600431A17 = {
						CreatedOnToolsVersion = 6.2;
					};
				};
			};
			buildConfigurationList = 22E39EEB1ABB57F900D892D6 /* Build configuration list for PBXProject "xcparse-test" */;
			compatibilityVersion = "Xcode 3.2";
			developmentRegion = English;
			hasScannedForEncodings = 0;
			knownRegions = (
				en,
			);
			mainGroup = 22E39EE71ABB57F900D892D6;
			productRefGroup = 22E39EF11ABB57F900D892D6 /* Products */;
			projectDirPath = "";
			projectReferences = (
				{
					ProductGroup = 22C4DDEF1ABF1E4200431A17 /* Products */;
					ProjectRef = 22C4DDEE1ABF1E4200431A17 /* sub-test.xcodeproj */;
				},
			);
			projectRoot = "";
			targets = (
				22C4DE1E1AC476F600431A17 /* xcparse-test */,
			);
		};
/* End PBXProject section */

/* Begin PBXReferenceProxy section */
		22C4DDF31ABF1E4200431A17 /* libsub-test.dylib */ = {
			isa = PBXReferenceProxy;
			fileType = "compiled.mach-o.dylib";
			path = "libsub-test.dylib";
			remoteRef = 22C4DDF21ABF1E4200431A17 /* PBXContainerItemProxy */;
			sourceTree = BUILT_PRODUCTS_DIR;
		};
/* End PBXReferenceProxy section */

/* Begin PBXSourcesBuildPhase section */
		22C4DE1B1AC476F600431A17 /* Sources */ = {
			isa = PBXSourcesBuildPhase;
			buildActionMask = 2147483647;
			files = (
				22C4DE221AC476F600431A17 /* main.m in Sources */,
			);
			runOnlyForDeploymentPostprocessing = 0;
		};
/* End PBXSourcesBuildPhase section */

/* Begin XCBuildConfiguration section */
		22C4DE241AC476F600431A17 /* Debug */ = {
			isa = XCBuildConfiguration;
			buildSettings = {
				GCC_PREPROCESSOR_DEFINITIONS = (
					"DEBUG=1",
					"$(inherited)",
				);
				PRODUCT_NAME = "$(TARGET_NAME)";
			};
			name = Debug;
		};
		22C4DE251AC476F600431A17 /* Release */ = {
			isa = XCBuildConfiguration;
			buildSettings = {
				PRODUCT_NAME = "$(TARGET_NAME)";
			};
			name = Release;
		};
		22E39EF51ABB57F900D892D6 /* Debug */ = {
			isa = XCBuildConfiguration;
			buildSettings = {
				ALWAYS_SEARCH_USER_PATHS = NO;
				CLANG_CXX_LANGUAGE_STANDARD = "gnu++0x";
				CLANG_CXX_LIBRARY = "libc++";
				CLANG_ENABLE_MODULES = YES;
				CLANG_ENABLE_OBJC_ARC = YES;
				CLANG_WARN_BOOL_CONVERSION = YES;
				CLANG_WARN_CONSTANT_CONVERSION = YES;
				CLANG_WARN_DIRECT_OBJC_ISA_USAGE = YES_ERROR;
				CLANG_WARN_EMPTY_BODY = YES;
				CLANG_WARN_ENUM_CONVERSION = YES;
				CLANG_WARN_INT_CONVERSION = YES;
				CLANG_WARN_OBJC_ROOT_CLASS = YES_ERROR;
				CLANG_WARN_UNREACHABLE_CODE = YES;
				CLANG_WARN__DUPLICATE_METHOD_MATCH = YES;
				COPY_PHASE_STRIP = NO;
				ENABLE_STRICT_OBJC_MSGSEND = YES;
				GCC_C_LANGUAGE_STANDARD = gnu99;
				GCC_DYNAMIC_NO_PIC = NO;
				GCC_OPTIMIZATION_LEVEL = 0;
				GCC_PREPROCESSOR_DEFINITIONS = (
					"DEBUG=1",
					"$(inherited)",
				);
				GCC_SYMBOLS_PRIVATE_EXTERN = NO;
				GCC_WARN_64_TO_32_BIT_CONVERSION = YES;
				GCC_WARN_ABOUT_RETURN_TYPE = YES_ERROR;
				GCC_WARN_UNDECLARED_SELECTOR = YES;
				GCC_WARN_UNINITIALIZED_AUTOS = YES_AGGRESSIVE;
				GCC_WARN_UNUSED_FUNCTION = YES;
				GCC_WARN_UNUSED_VARIABLE = YES;
				MACOSX_DEPLOYMENT_TARGET = 10.9;
				MTL_ENABLE_DEBUG_INFO = YES;
				ONLY_ACTIVE_ARCH = YES;
				SDKROOT = macosx;
				SWIFT_OPTIMIZATION_LEVEL = "-Onone";
			};
			name = Debug;
		};
		22E39EF61ABB57F900D892D6 /* Release */ = {
			isa = XCBuildConfiguration;
			buildSettings = {
				ALWAYS_SEARCH_USER_PATHS = NO;
				CLANG_CXX_LANGUAGE_STANDARD = "gnu++0x";
				CLANG_CXX_LIBRARY = "libc++";
				CLANG_ENABLE_MODULES = YES;
				CLANG_ENABLE_OBJC_ARC = YES;
				CLANG_WARN_BOOL_CONVERSION = YES;
				CLANG_WARN_CONSTANT_CONVERSION = YES;
				CLANG_WARN_DIRECT_OBJC_ISA_USAGE = YES_ERROR;
				CLANG_WARN_EMPTY_BODY = YES;
				CLANG_WARN_ENUM_CONVERSION = YES;
				CLANG_WARN_INT_CONVERSION = YES;
				CLANG_WARN_OBJC_ROOT_CLASS = YES_ERROR;
				CLANG_WARN_UNREACHABLE_CODE = YES;
				CLANG_WARN__DUPLICATE_METHOD_MATCH = YES;
				COPY_PHASE_STRIP = NO;
				DEBUG_INFORMATION_FORMAT = "dwarf-with-dsym";
				ENABLE_NS_ASSERTIONS = NO;
				ENABLE_STRICT_OBJC_MSGSEND = YES;
				GCC_C_LANGUAGE_STANDARD = gnu99;
				GCC_WARN_64_TO_32_BIT_CONVERSION = YES;
				GCC_WARN_ABOUT_RETURN_TYPE = YES_ERROR;
				GCC_WARN_UNDECLARED_SELECTOR = YES;
				GCC_WARN_UNINITIALIZED_AUTOS = YES_AGGRESSIVE;
				GCC_WARN_UNUSED_FUNCTION = YES;
				GCC_WARN_UNUSED_VARIABLE = YES;
				MACOSX_DEPLOYMENT_TARGET = 10.9;
				MTL_ENABLE_DEBUG_INFO = NO;
				SDKROOT = macosx;
			};
			name = Release;
		};
/* End XCBuildConfiguration section */

/* Begin XCConfigurationList section */
		22C4DE231AC476F600431A17 /* Build configuration list for PBXNativeTarget "xcparse-test" */ = {
			isa = XCConfigurationList;
			buildConfigurations = (
				22C4DE241AC476F600431A17 /* Debug */,
				22C4DE251AC476F600431A17 /* Release */,
			);
			defaultConfigurationIsVisible = 0;
			defaultConfigurationName = Release;
		};
		22E39EEB1ABB57F900D892D6 /* Build configuration list for PBXProject "xcparse-test" */ = {
			isa = XCConfigurationList;
			buildConfigurations = (
				22E39EF51ABB57F900D892D6 /* Debug */,
				22E39EF61ABB57F900D892D6 /* Release */,
			);
			defaultConfigurationIsVisible = 0;
			defaultConfigurationName = Release;
		};
/* End XCConfigurationList section */
	};
	rootObject = 22E39EE81ABB57F900D892D6 /* Project object */;
}
